
Microsoft Visual Studio Solution File, Format Version 12.00
# Visual Studio 15
VisualStudioVersion = 15.0.28307.902
MinimumVisualStudioVersion = 10.0.40219.1
Project("{FAE04EC0-301F-11D3-BF4B-00C04F79EFBC}") = "ScratchCardApp", "ScratchCardApp\ScratchCardApp.csproj", "{51BD9D32-A811-49F6-8C1C-90488633EB48}"
EndProject
Project("{FAE04EC0-301F-11D3-BF4B-00C04F79EFBC}") = "ScratchCardAppUI", "ScratchCardAppUI\ScratchCardAppUI.csproj", "{28E66BBB-5903-441C-8F50-F23A32539BAF}"
EndProject
Global
	GlobalSection(SolutionConfigurationPlatforms) = preSolution
		Debug|Any CPU = Debug|Any CPU
		Release|Any CPU = Release|Any CPU
	EndGlobalSection
	GlobalSection(ProjectConfigurationPlatforms) = postSolution
		{51BD9D32-A811-49F6-8C1C-90488633EB48}.Debug|Any CPU.ActiveCfg = Debug|Any CPU
		{51BD9D32-A811-49F6-8C1C-90488633EB48}.Debug|Any CPU.Build.0 = Debug|Any CPU
		{51BD9D32-A811-49F6-8C1C-90488633EB48}.Release|Any CPU.ActiveCfg = Release|Any CPU
		{51BD9D32-A811-49F6-8C1C-90488633EB48}.Release|Any CPU.Build.0 = Release|Any CPU
		{28E66BBB-5903-441C-8F50-F23A32539BAF}.Debug|Any CPU.ActiveCfg = Debug|Any CPU
		{28E66BBB-5903-441C-8F50-F23A32539BAF}.Debug|Any CPU.Build.0 = Debug|Any CPU
		{28E66BBB-5903-441C-8F50-F23A32539BAF}.Release|Any CPU.ActiveCfg = Release|Any CPU
		{28E66BBB-5903-441C-8F50-F23A32539BAF}.Release|Any CPU.Build.0 = Release|Any CPU
	EndGlobalSection
	GlobalSection(SolutionProperties) = preSolution
		HideSolutionNode = FALSE
	EndGlobalSection
	GlobalSection(ExtensibilityGlobals) = postSolution
		SolutionGuid = {6331D84A-85FA-4877-9D19-1760AE5B4E45}
	EndGlobalSection
EndGlobal
